// !$*UTF8*$!
{
	archiveVersion = 1;
	classes = {
	};
	objectVersion = 77;
	objects = {

/* Begin PBXBuildFile section */
		AA52B2652DA71FA300CFFAD8 /* QuisMain.xib in Resources */ = {isa = PBXBuildFile; fileRef = AA52B25F2DA71FA300CFFAD8 /* QuisMain.xib */; };
		AA52B2662DA71FA300CFFAD8 /* WordListEditor.xib in Resources */ = {isa = PBXBuildFile; fileRef = AA52B2612DA71FA300CFFAD8 /* WordListEditor.xib */; };
		AA52B2672DA71FA300CFFAD8 /* ResultsWindow.xib in Resources */ = {isa = PBXBuildFile; fileRef = AA52B2602DA71FA300CFFAD8 /* ResultsWindow.xib */; };
		AAC295B22DA6233F00F3F8E8 /* SampleWordList.stem in Resources */ = {isa = PBXBuildFile; fileRef = AAC295A82DA6233F00F3F8E8 /* SampleWordList.stem */; };
		AAC295B32DA6233F00F3F8E8 /* Assets.xcassets in Resources */ = {isa = PBXBuildFile; fileRef = AAC295862DA6233F00F3F8E8 /* Assets.xcassets */; };
		AAC295B52DA6233F00F3F8E8 /* Info.plist in Resources */ = {isa = PBXBuildFile; fileRef = AAC295A02DA6233F00F3F8E8 /* Info.plist */; };
		AAC295B62DA6233F00F3F8E8 /* Q.icns in Resources */ = {isa = PBXBuildFile; fileRef = AAC295A22DA6233F00F3F8E8 /* Q.icns */; };
		AAC295BC2DA6233F00F3F8E8 /* chisquare.png in Resources */ = {isa = PBXBuildFile; fileRef = AAC2958A2DA6233F00F3F8E8 /* chisquare.png */; };
		AAC295BE2DA6233F00F3F8E8 /* version.plist in Resources */ = {isa = PBXBuildFile; fileRef = AAC295A92DA6233F00F3F8E8 /* version.plist */; };
		AAC295C02DA6233F00F3F8E8 /* ChiSquare.m in Sources */ = {isa = PBXBuildFile; fileRef = AAC2958C2DA6233F00F3F8E8 /* ChiSquare.m */; };
		AAC295C12DA6233F00F3F8E8 /* WordListEditor.m in Sources */ = {isa = PBXBuildFile; fileRef = AAC295AB2DA6233F00F3F8E8 /* WordListEditor.m */; };
		AAC295C22DA6233F00F3F8E8 /* WordTableView.m in Sources */ = {isa = PBXBuildFile; fileRef = AAC295AF2DA6233F00F3F8E8 /* WordTableView.m */; };
		AAC295C32DA6233F00F3F8E8 /* Histogram.m in Sources */ = {isa = PBXBuildFile; fileRef = AAC2959F2DA6233F00F3F8E8 /* Histogram.m */; };
		AAC295C42DA6233F00F3F8E8 /* main.m in Sources */ = {isa = PBXBuildFile; fileRef = AAC295A12DA6233F00F3F8E8 /* main.m */; };
		AAC295C52DA6233F00F3F8E8 /* Aliases.m in Sources */ = {isa = PBXBuildFile; fileRef = AAC295832DA6233F00F3F8E8 /* Aliases.m */; };
		AAC295C62DA6233F00F3F8E8 /* WordTableController.m in Sources */ = {isa = PBXBuildFile; fileRef = AAC295AD2DA6233F00F3F8E8 /* WordTableController.m */; };
		AAC295C72DA6233F00F3F8E8 /* ResultsWindow.m in Sources */ = {isa = PBXBuildFile; fileRef = AAC295A72DA6233F00F3F8E8 /* ResultsWindow.m */; };
		AAC295C82DA6233F00F3F8E8 /* gamma.c in Sources */ = {isa = PBXBuildFile; fileRef = AAC2959D2DA6233F00F3F8E8 /* gamma.c */; };
		AAC295C92DA6233F00F3F8E8 /* AppDelegate.m in Sources */ = {isa = PBXBuildFile; fileRef = AAC295852DA6233F00F3F8E8 /* AppDelegate.m */; };
/* End PBXBuildFile section */

/* Begin PBXFileReference section */
		AA52B2622DA71FA300CFFAD8 /* Base */ = {isa = PBXFileReference; lastKnownFileType = file.xib; name = Base; path = WordListEditor.xib; sourceTree = "<group>"; };
		AA52B2632DA71FA300CFFAD8 /* Base */ = {isa = PBXFileReference; lastKnownFileType = file.xib; name = Base; path = QuisMain.xib; sourceTree = "<group>"; };
		AA52B2642DA71FA300CFFAD8 /* Base */ = {isa = PBXFileReference; lastKnownFileType = file.xib; name = Base; path = ResultsWindow.xib; sourceTree = "<group>"; };
		AAC2956F2DA621B100F3F8E8 /* Quis.app */ = {isa = PBXFileReference; explicitFileType = wrapper.application; includeInIndex = 0; path = Quis.app; sourceTree = BUILT_PRODUCTS_DIR; };
		AAC295822DA6233F00F3F8E8 /* Aliases.h */ = {isa = PBXFileReference; lastKnownFileType = sourcecode.c.h; path = Aliases.h; sourceTree = "<group>"; };
		AAC295832DA6233F00F3F8E8 /* Aliases.m */ = {isa = PBXFileReference; lastKnownFileType = sourcecode.c.objc; path = Aliases.m; sourceTree = "<group>"; };
		AAC295842DA6233F00F3F8E8 /* AppDelegate.h */ = {isa = PBXFileReference; lastKnownFileType = sourcecode.c.h; path = AppDelegate.h; sourceTree = "<group>"; };
		AAC295852DA6233F00F3F8E8 /* AppDelegate.m */ = {isa = PBXFileReference; lastKnownFileType = sourcecode.c.objc; path = AppDelegate.m; sourceTree = "<group>"; };
		AAC295862DA6233F00F3F8E8 /* Assets.xcassets */ = {isa = PBXFileReference; lastKnownFileType = folder.assetcatalog; path = Assets.xcassets; sourceTree = "<group>"; };
		AAC295872DA6233F00F3F8E8 /* Base */ = {isa = PBXFileReference; lastKnownFileType = file.xib; name = Base; path = MainMenu.xib; sourceTree = "<group>"; };
		AAC2958A2DA6233F00F3F8E8 /* chisquare.png */ = {isa = PBXFileReference; lastKnownFileType = image.png; path = chisquare.png; sourceTree = "<group>"; };
		AAC2958B2DA6233F00F3F8E8 /* ChiSquare.h */ = {isa = PBXFileReference; lastKnownFileType = sourcecode.c.h; path = ChiSquare.h; sourceTree = "<group>"; };
		AAC2958C2DA6233F00F3F8E8 /* ChiSquare.m */ = {isa = PBXFileReference; lastKnownFileType = sourcecode.c.objc; path = ChiSquare.m; sourceTree = "<group>"; };
		AAC2959C2DA6233F00F3F8E8 /* gamma.h */ = {isa = PBXFileReference; lastKnownFileType = sourcecode.c.h; path = gamma.h; sourceTree = "<group>"; };
		AAC2959D2DA6233F00F3F8E8 /* gamma.c */ = {isa = PBXFileReference; lastKnownFileType = sourcecode.c.c; path = gamma.c; sourceTree = "<group>"; };
		AAC2959E2DA6233F00F3F8E8 /* Histogram.h */ = {isa = PBXFileReference; lastKnownFileType = sourcecode.c.h; path = Histogram.h; sourceTree = "<group>"; };
		AAC2959F2DA6233F00F3F8E8 /* Histogram.m */ = {isa = PBXFileReference; lastKnownFileType = sourcecode.c.objc; path = Histogram.m; sourceTree = "<group>"; };
		AAC295A02DA6233F00F3F8E8 /* Info.plist */ = {isa = PBXFileReference; lastKnownFileType = text.plist.xml; path = Info.plist; sourceTree = "<group>"; };
		AAC295A12DA6233F00F3F8E8 /* main.m */ = {isa = PBXFileReference; lastKnownFileType = sourcecode.c.objc; path = main.m; sourceTree = "<group>"; };
		AAC295A22DA6233F00F3F8E8 /* Q.icns */ = {isa = PBXFileReference; lastKnownFileType = image.icns; path = Q.icns; sourceTree = "<group>"; };
		AAC295A32DA6233F00F3F8E8 /* Quis.entitlements */ = {isa = PBXFileReference; lastKnownFileType = text.plist.entitlements; path = Quis.entitlements; sourceTree = "<group>"; };
		AAC295A42DA6233F00F3F8E8 /* Quis.xcodeproj */ = {isa = PBXFileReference; lastKnownFileType = "wrapper.pb-project"; path = Quis.xcodeproj; sourceTree = "<group>"; };
		AAC295A52DA6233F00F3F8E8 /* Quis_Prefix.pch */ = {isa = PBXFileReference; lastKnownFileType = sourcecode.c.h; path = Quis_Prefix.pch; sourceTree = "<group>"; };
		AAC295A62DA6233F00F3F8E8 /* ResultsWindow.h */ = {isa = PBXFileReference; lastKnownFileType = sourcecode.c.h; path = ResultsWindow.h; sourceTree = "<group>"; };
		AAC295A72DA6233F00F3F8E8 /* ResultsWindow.m */ = {isa = PBXFileReference; lastKnownFileType = sourcecode.c.objc; path = ResultsWindow.m; sourceTree = "<group>"; };
		AAC295A82DA6233F00F3F8E8 /* SampleWordList.stem */ = {isa = PBXFileReference; lastKnownFileType = text; path = SampleWordList.stem; sourceTree = "<group>"; };
		AAC295A92DA6233F00F3F8E8 /* version.plist */ = {isa = PBXFileReference; lastKnownFileType = text.plist.xml; path = version.plist; sourceTree = "<group>"; };
		AAC295AA2DA6233F00F3F8E8 /* WordListEditor.h */ = {isa = PBXFileReference; lastKnownFileType = sourcecode.c.h; path = WordListEditor.h; sourceTree = "<group>"; };
		AAC295AB2DA6233F00F3F8E8 /* WordListEditor.m */ = {isa = PBXFileReference; lastKnownFileType = sourcecode.c.objc; path = WordListEditor.m; sourceTree = "<group>"; };
		AAC295AC2DA6233F00F3F8E8 /* WordTableController.h */ = {isa = PBXFileReference; lastKnownFileType = sourcecode.c.h; path = WordTableController.h; sourceTree = "<group>"; };
		AAC295AD2DA6233F00F3F8E8 /* WordTableController.m */ = {isa = PBXFileReference; lastKnownFileType = sourcecode.c.objc; path = WordTableController.m; sourceTree = "<group>"; };
		AAC295AE2DA6233F00F3F8E8 /* WordTableView.h */ = {isa = PBXFileReference; lastKnownFileType = sourcecode.c.h; path = WordTableView.h; sourceTree = "<group>"; };
		AAC295AF2DA6233F00F3F8E8 /* WordTableView.m */ = {isa = PBXFileReference; lastKnownFileType = sourcecode.c.objc; path = WordTableView.m; sourceTree = "<group>"; };
/* End PBXFileReference section */

/* Begin PBXFrameworksBuildPhase section */
		AAC2956C2DA621B100F3F8E8 /* Frameworks */ = {
			isa = PBXFrameworksBuildPhase;
			buildActionMask = 2147483647;
			files = (
			);
			runOnlyForDeploymentPostprocessing = 0;
		};
/* End PBXFrameworksBuildPhase section */

/* Begin PBXGroup section */
		AAC295662DA621B100F3F8E8 = {
			isa = PBXGroup;
			children = (
				AAC295822DA6233F00F3F8E8 /* Aliases.h */,
				AAC295832DA6233F00F3F8E8 /* Aliases.m */,
				AAC295842DA6233F00F3F8E8 /* AppDelegate.h */,
				AAC295852DA6233F00F3F8E8 /* AppDelegate.m */,
				AAC295862DA6233F00F3F8E8 /* Assets.xcassets */,
				AAC295892DA6233F00F3F8E8 /* Base.lproj */,
				AAC2958A2DA6233F00F3F8E8 /* chisquare.png */,
				AAC2958B2DA6233F00F3F8E8 /* ChiSquare.h */,
				AAC2958C2DA6233F00F3F8E8 /* ChiSquare.m */,
				AAC2959C2DA6233F00F3F8E8 /* gamma.h */,
				AAC2959D2DA6233F00F3F8E8 /* gamma.c */,
				AAC2959E2DA6233F00F3F8E8 /* Histogram.h */,
				AAC2959F2DA6233F00F3F8E8 /* Histogram.m */,
				AAC295A02DA6233F00F3F8E8 /* Info.plist */,
				AAC295A12DA6233F00F3F8E8 /* main.m */,
				AAC295A22DA6233F00F3F8E8 /* Q.icns */,
				AAC295A32DA6233F00F3F8E8 /* Quis.entitlements */,
				AAC295A42DA6233F00F3F8E8 /* Quis.xcodeproj */,
				AAC295A52DA6233F00F3F8E8 /* Quis_Prefix.pch */,
				AAC295A62DA6233F00F3F8E8 /* ResultsWindow.h */,
				AAC295A72DA6233F00F3F8E8 /* ResultsWindow.m */,
				AAC295A82DA6233F00F3F8E8 /* SampleWordList.stem */,
				AAC295A92DA6233F00F3F8E8 /* version.plist */,
				AAC295AA2DA6233F00F3F8E8 /* WordListEditor.h */,
				AAC295AB2DA6233F00F3F8E8 /* WordListEditor.m */,
				AAC295AC2DA6233F00F3F8E8 /* WordTableController.h */,
				AAC295AD2DA6233F00F3F8E8 /* WordTableController.m */,
				AAC295AE2DA6233F00F3F8E8 /* WordTableView.h */,
				AAC295AF2DA6233F00F3F8E8 /* WordTableView.m */,
				AAC295702DA621B100F3F8E8 /* Products */,
			);
			sourceTree = "<group>";
		};
		AAC295702DA621B100F3F8E8 /* Products */ = {
			isa = PBXGroup;
			children = (
				AAC2956F2DA621B100F3F8E8 /* Quis.app */,
			);
			name = Products;
			sourceTree = "<group>";
		};
		AAC295892DA6233F00F3F8E8 /* Base.lproj */ = {
			isa = PBXGroup;
			children = (
				AA52B25F2DA71FA300CFFAD8 /* QuisMain.xib */,
				AA52B2602DA71FA300CFFAD8 /* ResultsWindow.xib */,
				AA52B2612DA71FA300CFFAD8 /* WordListEditor.xib */,
				AAC295882DA6233F00F3F8E8 /* MainMenu.xib */,
			);
			path = Base.lproj;
			sourceTree = "<group>";
		};
		AAC295B02DA6233F00F3F8E8 /* Products */ = {
			isa = PBXGroup;
			name = Products;
			sourceTree = "<group>";
		};
/* End PBXGroup section */

/* Begin PBXNativeTarget section */
		AAC2956E2DA621B100F3F8E8 /* Quis */ = {
			isa = PBXNativeTarget;
			buildConfigurationList = AAC2957F2DA621B200F3F8E8 /* Build configuration list for PBXNativeTarget "Quis" */;
			buildPhases = (
				AAC2956B2DA621B100F3F8E8 /* Sources */,
				AAC2956C2DA621B100F3F8E8 /* Frameworks */,
				AAC2956D2DA621B100F3F8E8 /* Resources */,
			);
			buildRules = (
			);
			dependencies = (
			);
			name = Quis;
			packageProductDependencies = (
			);
			productName = Quis;
			productReference = AAC2956F2DA621B100F3F8E8 /* Quis.app */;
			productType = "com.apple.product-type.application";
		};
/* End PBXNativeTarget section */

/* Begin PBXProject section */
		AAC295672DA621B100F3F8E8 /* Project object */ = {
			isa = PBXProject;
			attributes = {
				BuildIndependentTargetsInParallel = 1;
				LastUpgradeCheck = 1630;
				TargetAttributes = {
					AAC2956E2DA621B100F3F8E8 = {
						CreatedOnToolsVersion = 16.3;
					};
				};
			};
			buildConfigurationList = AAC2956A2DA621B100F3F8E8 /* Build configuration list for PBXProject "Quis" */;
			developmentRegion = en;
			hasScannedForEncodings = 0;
			knownRegions = (
				en,
				Base,
				English,
			);
			mainGroup = AAC295662DA621B100F3F8E8;
			minimizedProjectReferenceProxies = 1;
			preferredProjectObjectVersion = 77;
			productRefGroup = AAC295702DA621B100F3F8E8 /* Products */;
			projectDirPath = "";
			projectReferences = (
				{
					ProductGroup = AAC295B02DA6233F00F3F8E8 /* Products */;
					ProjectRef = AAC295A42DA6233F00F3F8E8 /* Quis.xcodeproj */;
				},
			);
			projectRoot = "";
			targets = (
				AAC2956E2DA621B100F3F8E8 /* Quis */,
			);
		};
/* End PBXProject section */

/* Begin PBXResourcesBuildPhase section */
		AAC2956D2DA621B100F3F8E8 /* Resources */ = {
			isa = PBXResourcesBuildPhase;
			buildActionMask = 2147483647;
			files = (
				AAC295B22DA6233F00F3F8E8 /* SampleWordList.stem in Resources */,
				AAC295B32DA6233F00F3F8E8 /* Assets.xcassets in Resources */,
				AA52B2652DA71FA300CFFAD8 /* QuisMain.xib in Resources */,
				AA52B2662DA71FA300CFFAD8 /* WordListEditor.xib in Resources */,
				AA52B2672DA71FA300CFFAD8 /* ResultsWindow.xib in Resources */,
				AAC295B52DA6233F00F3F8E8 /* Info.plist in Resources */,
				AAC295B62DA6233F00F3F8E8 /* Q.icns in Resources */,
				AAC295BC2DA6233F00F3F8E8 /* chisquare.png in Resources */,
				AAC295BE2DA6233F00F3F8E8 /* version.plist in Resources */,
			);
			runOnlyForDeploymentPostprocessing = 0;
		};
/* End PBXResourcesBuildPhase section */

/* Begin PBXSourcesBuildPhase section */
		AAC2956B2DA621B100F3F8E8 /* Sources */ = {
			isa = PBXSourcesBuildPhase;
			buildActionMask = 2147483647;
			files = (
				AAC295C02DA6233F00F3F8E8 /* ChiSquare.m in Sources */,
				AAC295C12DA6233F00F3F8E8 /* WordListEditor.m in Sources */,
				AAC295C22DA6233F00F3F8E8 /* WordTableView.m in Sources */,
				AAC295C32DA6233F00F3F8E8 /* Histogram.m in Sources */,
				AAC295C42DA6233F00F3F8E8 /* main.m in Sources */,
				AAC295C52DA6233F00F3F8E8 /* Aliases.m in Sources */,
				AAC295C62DA6233F00F3F8E8 /* WordTableController.m in Sources */,
				AAC295C72DA6233F00F3F8E8 /* ResultsWindow.m in Sources */,
				AAC295C82DA6233F00F3F8E8 /* gamma.c in Sources */,
				AAC295C92DA6233F00F3F8E8 /* AppDelegate.m in Sources */,
			);
			runOnlyForDeploymentPostprocessing = 0;
		};
/* End PBXSourcesBuildPhase section */

/* Begin PBXVariantGroup section */
		AA52B25F2DA71FA300CFFAD8 /* QuisMain.xib */ = {
			isa = PBXVariantGroup;
			children = (
				AA52B2632DA71FA300CFFAD8 /* Base */,
			);
			name = QuisMain.xib;
			sourceTree = "<group>";
		};
		AA52B2602DA71FA300CFFAD8 /* ResultsWindow.xib */ = {
			isa = PBXVariantGroup;
			children = (
				AA52B2642DA71FA300CFFAD8 /* Base */,
			);
			name = ResultsWindow.xib;
			sourceTree = "<group>";
		};
		AA52B2612DA71FA300CFFAD8 /* WordListEditor.xib */ = {
			isa = PBXVariantGroup;
			children = (
				AA52B2622DA71FA300CFFAD8 /* Base */,
			);
			name = WordListEditor.xib;
			sourceTree = "<group>";
		};
		AAC295882DA6233F00F3F8E8 /* MainMenu.xib */ = {
			isa = PBXVariantGroup;
			children = (
				AAC295872DA6233F00F3F8E8 /* Base */,
			);
			name = MainMenu.xib;
			sourceTree = "<group>";
		};
/* End PBXVariantGroup section */

/* Begin XCBuildConfiguration section */
		AAC2957D2DA621B200F3F8E8 /* Debug */ = {
			isa = XCBuildConfiguration;
			buildSettings = {
				ALWAYS_SEARCH_USER_PATHS = NO;
				ASSETCATALOG_COMPILER_GENERATE_SWIFT_ASSET_SYMBOL_EXTENSIONS = YES;
				CLANG_ANALYZER_NONNULL = YES;
				CLANG_ANALYZER_NUMBER_OBJECT_CONVERSION = YES_AGGRESSIVE;
				CLANG_CXX_LANGUAGE_STANDARD = "gnu++20";
				CLANG_ENABLE_MODULES = YES;
				CLANG_ENABLE_OBJC_ARC = YES;
				CLANG_ENABLE_OBJC_WEAK = YES;
				CLANG_WARN_BLOCK_CAPTURE_AUTORELEASING = YES;
				CLANG_WARN_BOOL_CONVERSION = YES;
				CLANG_WARN_COMMA = YES;
				CLANG_WARN_CONSTANT_CONVERSION = YES;
				CLANG_WARN_DEPRECATED_OBJC_IMPLEMENTATIONS = YES;
				CLANG_WARN_DIRECT_OBJC_ISA_USAGE = YES_ERROR;
				CLANG_WARN_DOCUMENTATION_COMMENTS = YES;
				CLANG_WARN_EMPTY_BODY = YES;
				CLANG_WARN_ENUM_CONVERSION = YES;
				CLANG_WARN_INFINITE_RECURSION = YES;
				CLANG_WARN_INT_CONVERSION = YES;
				CLANG_WARN_NON_LITERAL_NULL_CONVERSION = YES;
				CLANG_WARN_OBJC_IMPLICIT_RETAIN_SELF = YES;
				CLANG_WARN_OBJC_LITERAL_CONVERSION = YES;
				CLANG_WARN_OBJC_ROOT_CLASS = YES_ERROR;
				CLANG_WARN_QUOTED_INCLUDE_IN_FRAMEWORK_HEADER = YES;
				CLANG_WARN_RANGE_LOOP_ANALYSIS = YES;
				CLANG_WARN_STRICT_PROTOTYPES = YES;
				CLANG_WARN_SUSPICIOUS_MOVE = YES;
				CLANG_WARN_UNGUARDED_AVAILABILITY = YES_AGGRESSIVE;
				CLANG_WARN_UNREACHABLE_CODE = YES;
				CLANG_WARN__DUPLICATE_METHOD_MATCH = YES;
				COPY_PHASE_STRIP = NO;
				DEBUG_INFORMATION_FORMAT = dwarf;
				DEVELOPMENT_TEAM = Q99P4GSPC6;
				ENABLE_STRICT_OBJC_MSGSEND = YES;
				ENABLE_TESTABILITY = YES;
				ENABLE_USER_SCRIPT_SANDBOXING = YES;
				GCC_C_LANGUAGE_STANDARD = gnu17;
				GCC_DYNAMIC_NO_PIC = NO;
				GCC_NO_COMMON_BLOCKS = YES;
				GCC_OPTIMIZATION_LEVEL = 0;
				GCC_PREPROCESSOR_DEFINITIONS = (
					"DEBUG=1",
					"$(inherited)",
				);
				GCC_WARN_64_TO_32_BIT_CONVERSION = YES;
				GCC_WARN_ABOUT_RETURN_TYPE = YES_ERROR;
				GCC_WARN_UNDECLARED_SELECTOR = YES;
				GCC_WARN_UNINITIALIZED_AUTOS = YES_AGGRESSIVE;
				GCC_WARN_UNUSED_FUNCTION = YES;
				GCC_WARN_UNUSED_VARIABLE = YES;
				LOCALIZATION_PREFERS_STRING_CATALOGS = YES;
				MACOSX_DEPLOYMENT_TARGET = 15.4;
				MTL_ENABLE_DEBUG_INFO = INCLUDE_SOURCE;
				MTL_FAST_MATH = YES;
				ONLY_ACTIVE_ARCH = YES;
				SDKROOT = macosx;
			};
			name = Debug;
		};
		AAC2957E2DA621B200F3F8E8 /* Release */ = {
			isa = XCBuildConfiguration;
			buildSettings = {
				ALWAYS_SEARCH_USER_PATHS = NO;
				ASSETCATALOG_COMPILER_GENERATE_SWIFT_ASSET_SYMBOL_EXTENSIONS = YES;
				CLANG_ANALYZER_NONNULL = YES;
				CLANG_ANALYZER_NUMBER_OBJECT_CONVERSION = YES_AGGRESSIVE;
				CLANG_CXX_LANGUAGE_STANDARD = "gnu++20";
				CLANG_ENABLE_MODULES = YES;
				CLANG_ENABLE_OBJC_ARC = YES;
				CLANG_ENABLE_OBJC_WEAK = YES;
				CLANG_WARN_BLOCK_CAPTURE_AUTORELEASING = YES;
				CLANG_WARN_BOOL_CONVERSION = YES;
				CLANG_WARN_COMMA = YES;
				CLANG_WARN_CONSTANT_CONVERSION = YES;
				CLANG_WARN_DEPRECATED_OBJC_IMPLEMENTATIONS = YES;
				CLANG_WARN_DIRECT_OBJC_ISA_USAGE = YES_ERROR;
				CLANG_WARN_DOCUMENTATION_COMMENTS = YES;
				CLANG_WARN_EMPTY_BODY = YES;
				CLANG_WARN_ENUM_CONVERSION = YES;
				CLANG_WARN_INFINITE_RECURSION = YES;
				CLANG_WARN_INT_CONVERSION = YES;
				CLANG_WARN_NON_LITERAL_NULL_CONVERSION = YES;
				CLANG_WARN_OBJC_IMPLICIT_RETAIN_SELF = YES;
				CLANG_WARN_OBJC_LITERAL_CONVERSION = YES;
				CLANG_WARN_OBJC_ROOT_CLASS = YES_ERROR;
				CLANG_WARN_QUOTED_INCLUDE_IN_FRAMEWORK_HEADER = YES;
				CLANG_WARN_RANGE_LOOP_ANALYSIS = YES;
				CLANG_WARN_STRICT_PROTOTYPES = YES;
				CLANG_WARN_SUSPICIOUS_MOVE = YES;
				CLANG_WARN_UNGUARDED_AVAILABILITY = YES_AGGRESSIVE;
				CLANG_WARN_UNREACHABLE_CODE = YES;
				CLANG_WARN__DUPLICATE_METHOD_MATCH = YES;
				COPY_PHASE_STRIP = NO;
				DEBUG_INFORMATION_FORMAT = "dwarf-with-dsym";
				DEVELOPMENT_TEAM = Q99P4GSPC6;
				ENABLE_NS_ASSERTIONS = NO;
				ENABLE_STRICT_OBJC_MSGSEND = YES;
				ENABLE_USER_SCRIPT_SANDBOXING = YES;
				GCC_C_LANGUAGE_STANDARD = gnu17;
				GCC_NO_COMMON_BLOCKS = YES;
				GCC_WARN_64_TO_32_BIT_CONVERSION = YES;
				GCC_WARN_ABOUT_RETURN_TYPE = YES_ERROR;
				GCC_WARN_UNDECLARED_SELECTOR = YES;
				GCC_WARN_UNINITIALIZED_AUTOS = YES_AGGRESSIVE;
				GCC_WARN_UNUSED_FUNCTION = YES;
				GCC_WARN_UNUSED_VARIABLE = YES;
				LOCALIZATION_PREFERS_STRING_CATALOGS = YES;
				MACOSX_DEPLOYMENT_TARGET = 15.4;
				MTL_ENABLE_DEBUG_INFO = NO;
				MTL_FAST_MATH = YES;
				SDKROOT = macosx;
			};
			name = Release;
		};
		AAC295802DA621B200F3F8E8 /* Debug */ = {
			isa = XCBuildConfiguration;
			buildSettings = {
				ASSETCATALOG_COMPILER_APPICON_NAME = AppIcon;
				ASSETCATALOG_COMPILER_GLOBAL_ACCENT_COLOR_NAME = AccentColor;
				CODE_SIGN_ENTITLEMENTS = Quis.entitlements;
				"CODE_SIGN_IDENTITY[sdk=macosx*]" = "Apple Development";
				CODE_SIGN_STYLE = Automatic;
				COMBINE_HIDPI_IMAGES = YES;
				CURRENT_PROJECT_VERSION = 1;
				DEVELOPMENT_TEAM = Q99P4GSPC6;
				ENABLE_HARDENED_RUNTIME = YES;
				GENERATE_INFOPLIST_FILE = YES;
				INFOPLIST_KEY_NSHumanReadableCopyright = "";
				INFOPLIST_KEY_NSMainNibFile = MainMenu;
				INFOPLIST_KEY_NSPrincipalClass = NSApplication;
				LD_RUNPATH_SEARCH_PATHS = (
					"$(inherited)",
					"@executable_path/../Frameworks",
				);
				MARKETING_VERSION = 1.0;
				PRODUCT_BUNDLE_IDENTIFIER = "com.dog-star.Quis";
				PRODUCT_NAME = "$(TARGET_NAME)";
				REGISTER_APP_GROUPS = YES;
				STUPID_XCODE_UI = "";
				SWIFT_EMIT_LOC_STRINGS = YES;
			};
			name = Debug;
		};
		AAC295812DA621B200F3F8E8 /* Release */ = {
			isa = XCBuildConfiguration;
			buildSettings = {
				ASSETCATALOG_COMPILER_APPICON_NAME = AppIcon;
				ASSETCATALOG_COMPILER_GLOBAL_ACCENT_COLOR_NAME = AccentColor;
				CODE_SIGN_ENTITLEMENTS = Quis.entitlements;
				"CODE_SIGN_IDENTITY[sdk=macosx*]" = "Apple Development";
				CODE_SIGN_STYLE = Automatic;
				COMBINE_HIDPI_IMAGES = YES;
				CURRENT_PROJECT_VERSION = 1;
				DEVELOPMENT_TEAM = Q99P4GSPC6;
				ENABLE_HARDENED_RUNTIME = YES;
				GENERATE_INFOPLIST_FILE = YES;
				INFOPLIST_KEY_NSHumanReadableCopyright = "";
				INFOPLIST_KEY_NSMainNibFile = MainMenu;
				INFOPLIST_KEY_NSPrincipalClass = NSApplication;
				LD_RUNPATH_SEARCH_PATHS = (
					"$(inherited)",
					"@executable_path/../Frameworks",
				);
				MARKETING_VERSION = 1.0;
				PRODUCT_BUNDLE_IDENTIFIER = "com.dog-star.Quis";
				PRODUCT_NAME = "$(TARGET_NAME)";
				REGISTER_APP_GROUPS = YES;
				STUPID_XCODE_UI = "";
				SWIFT_EMIT_LOC_STRINGS = YES;
			};
			name = Release;
		};
/* End XCBuildConfiguration section */

/* Begin XCConfigurationList section */
		AAC2956A2DA621B100F3F8E8 /* Build configuration list for PBXProject "Quis" */ = {
			isa = XCConfigurationList;
			buildConfigurations = (
				AAC2957D2DA621B200F3F8E8 /* Debug */,
				AAC2957E2DA621B200F3F8E8 /* Release */,
			);
			defaultConfigurationIsVisible = 0;
			defaultConfigurationName = Release;
		};
		AAC2957F2DA621B200F3F8E8 /* Build configuration list for PBXNativeTarget "Quis" */ = {
			isa = XCConfigurationList;
			buildConfigurations = (
				AAC295802DA621B200F3F8E8 /* Debug */,
				AAC295812DA621B200F3F8E8 /* Release */,
			);
			defaultConfigurationIsVisible = 0;
			defaultConfigurationName = Release;
		};
/* End XCConfigurationList section */
	};
	rootObject = AAC295672DA621B100F3F8E8 /* Project object */;
}
